
Microsoft Visual Studio Solution File, Format Version 12.00
# Visual Studio Version 16
VisualStudioVersion = 16.0.31729.503
MinimumVisualStudioVersion = 10.0.40219.1
Project("{FAE04EC0-301F-11D3-BF4B-00C04F79EFBC}") = "dz3", "dz3.csproj", "{8189BA80-5328-4149-BF0D-C6ED2548F125}"
EndProject
Global
	GlobalSection(SolutionConfigurationPlatforms) = preSolution
		Debug|Any CPU = Debug|Any CPU
		Release|Any CPU = Release|Any CPU
	EndGlobalSection
	GlobalSection(ProjectConfigurationPlatforms) = postSolution
		{8189BA80-5328-4149-BF0D-C6ED2548F125}.Debug|Any CPU.ActiveCfg = Debug|Any CPU
		{8189BA80-5328-4149-BF0D-C6ED2548F125}.Debug|Any CPU.Build.0 = Debug|Any CPU
		{8189BA80-5328-4149-BF0D-C6ED2548F125}.Release|Any CPU.ActiveCfg = Release|Any CPU
		{8189BA80-5328-4149-BF0D-C6ED2548F125}.Release|Any CPU.Build.0 = Release|Any CPU
	EndGlobalSection
	GlobalSection(SolutionProperties) = preSolution
		HideSolutionNode = FALSE
	EndGlobalSection
	GlobalSection(ExtensibilityGlobals) = postSolution
		SolutionGuid = {870B937A-23BD-4AC7-BA9E-BD05B7C5154B}
	EndGlobalSection
EndGlobal
